// !$*UTF8*$!
{
	archiveVersion = 1;
	classes = {
	};
	objectVersion = 50;
	objects = {

/* Begin PBXBuildFile section */
		845549B52519E9590073643E /* AppDelegate.swift in Sources */ = {isa = PBXBuildFile; fileRef = 845549B42519E9590073643E /* AppDelegate.swift */; };
		845549B92519E9590073643E /* MainViewController.swift in Sources */ = {isa = PBXBuildFile; fileRef = 845549B82519E9590073643E /* MainViewController.swift */; };
		845549BC2519E9590073643E /* Main.storyboard in Resources */ = {isa = PBXBuildFile; fileRef = 845549BA2519E9590073643E /* Main.storyboard */; };
		845549BE2519E95F0073643E /* Assets.xcassets in Resources */ = {isa = PBXBuildFile; fileRef = 845549BD2519E95F0073643E /* Assets.xcassets */; };
		845549C12519E95F0073643E /* LaunchScreen.storyboard in Resources */ = {isa = PBXBuildFile; fileRef = 845549BF2519E95F0073643E /* LaunchScreen.storyboard */; };
		845549CB251AEE240073643E /* testImage.jpg in Resources */ = {isa = PBXBuildFile; fileRef = 845549CA251AEE240073643E /* testImage.jpg */; };
		845549CD251B237D0073643E /* FlitersViewController.swift in Sources */ = {isa = PBXBuildFile; fileRef = 845549CC251B237D0073643E /* FlitersViewController.swift */; };
		845549CF251B24BB0073643E /* BaseTableViewController.swift in Sources */ = {isa = PBXBuildFile; fileRef = 845549CE251B24BB0073643E /* BaseTableViewController.swift */; };
		845549D1251B2EB90073643E /* SceneDelegate.swift in Sources */ = {isa = PBXBuildFile; fileRef = 845549D0251B2EB90073643E /* SceneDelegate.swift */; };
		845549D3251B45F30073643E /* ImagePickerViewController.swift in Sources */ = {isa = PBXBuildFile; fileRef = 845549D2251B45F30073643E /* ImagePickerViewController.swift */; };
/* End PBXBuildFile section */

/* Begin PBXFileReference section */
		845549B12519E9590073643E /* PhotoFliterDemo.app */ = {isa = PBXFileReference; explicitFileType = wrapper.application; includeInIndex = 0; path = PhotoFliterDemo.app; sourceTree = BUILT_PRODUCTS_DIR; };
		845549B42519E9590073643E /* AppDelegate.swift */ = {isa = PBXFileReference; lastKnownFileType = sourcecode.swift; path = AppDelegate.swift; sourceTree = "<group>"; };
		845549B82519E9590073643E /* MainViewController.swift */ = {isa = PBXFileReference; lastKnownFileType = sourcecode.swift; path = MainViewController.swift; sourceTree = "<group>"; };
		845549BB2519E9590073643E /* Base */ = {isa = PBXFileReference; lastKnownFileType = file.storyboard; name = Base; path = Base.lproj/Main.storyboard; sourceTree = "<group>"; };
		845549BD2519E95F0073643E /* Assets.xcassets */ = {isa = PBXFileReference; lastKnownFileType = folder.assetcatalog; path = Assets.xcassets; sourceTree = "<group>"; };
		845549C02519E95F0073643E /* Base */ = {isa = PBXFileReference; lastKnownFileType = file.storyboard; name = Base; path = Base.lproj/LaunchScreen.storyboard; sourceTree = "<group>"; };
		845549C22519E95F0073643E /* Info.plist */ = {isa = PBXFileReference; lastKnownFileType = text.plist.xml; path = Info.plist; sourceTree = "<group>"; };
		845549CA251AEE240073643E /* testImage.jpg */ = {isa = PBXFileReference; lastKnownFileType = image.jpeg; path = testImage.jpg; sourceTree = "<group>"; };
		845549CC251B237D0073643E /* FlitersViewController.swift */ = {isa = PBXFileReference; lastKnownFileType = sourcecode.swift; path = FlitersViewController.swift; sourceTree = "<group>"; };
		845549CE251B24BB0073643E /* BaseTableViewController.swift */ = {isa = PBXFileReference; lastKnownFileType = sourcecode.swift; path = BaseTableViewController.swift; sourceTree = "<group>"; };
		845549D0251B2EB90073643E /* SceneDelegate.swift */ = {isa = PBXFileReference; fileEncoding = 4; lastKnownFileType = sourcecode.swift; path = SceneDelegate.swift; sourceTree = "<group>"; };
		845549D2251B45F30073643E /* ImagePickerViewController.swift */ = {isa = PBXFileReference; lastKnownFileType = sourcecode.swift; path = ImagePickerViewController.swift; sourceTree = "<group>"; };
/* End PBXFileReference section */

/* Begin PBXFrameworksBuildPhase section */
		845549AE2519E9590073643E /* Frameworks */ = {
			isa = PBXFrameworksBuildPhase;
			buildActionMask = 2147483647;
			files = (
			);
			runOnlyForDeploymentPostprocessing = 0;
		};
/* End PBXFrameworksBuildPhase section */

/* Begin PBXGroup section */
		845549A82519E9590073643E = {
			isa = PBXGroup;
			children = (
				845549CA251AEE240073643E /* testImage.jpg */,
				845549B32519E9590073643E /* PhotoFliterDemo */,
				845549B22519E9590073643E /* Products */,
			);
			sourceTree = "<group>";
		};
		845549B22519E9590073643E /* Products */ = {
			isa = PBXGroup;
			children = (
				845549B12519E9590073643E /* PhotoFliterDemo.app */,
			);
			name = Products;
			sourceTree = "<group>";
		};
		845549B32519E9590073643E /* PhotoFliterDemo */ = {
			isa = PBXGroup;
			children = (
				845549D0251B2EB90073643E /* SceneDelegate.swift */,
				845549B42519E9590073643E /* AppDelegate.swift */,
				845549B82519E9590073643E /* MainViewController.swift */,
				845549BA2519E9590073643E /* Main.storyboard */,
				845549BD2519E95F0073643E /* Assets.xcassets */,
				845549BF2519E95F0073643E /* LaunchScreen.storyboard */,
				845549C22519E95F0073643E /* Info.plist */,
				845549CC251B237D0073643E /* FlitersViewController.swift */,
				845549CE251B24BB0073643E /* BaseTableViewController.swift */,
				845549D2251B45F30073643E /* ImagePickerViewController.swift */,
			);
			path = PhotoFliterDemo;
			sourceTree = "<group>";
		};
/* End PBXGroup section */

/* Begin PBXNativeTarget section */
		845549B02519E9590073643E /* PhotoFliterDemo */ = {
			isa = PBXNativeTarget;
			buildConfigurationList = 845549C52519E95F0073643E /* Build configuration list for PBXNativeTarget "PhotoFliterDemo" */;
			buildPhases = (
				845549AD2519E9590073643E /* Sources */,
				845549AE2519E9590073643E /* Frameworks */,
				845549AF2519E9590073643E /* Resources */,
			);
			buildRules = (
			);
			dependencies = (
			);
			name = PhotoFliterDemo;
			productName = PhotoFliterDemo;
			productReference = 845549B12519E9590073643E /* PhotoFliterDemo.app */;
			productType = "com.apple.product-type.application";
		};
/* End PBXNativeTarget section */

/* Begin PBXProject section */
		845549A92519E9590073643E /* Project object */ = {
			isa = PBXProject;
			attributes = {
				LastSwiftUpdateCheck = 1170;
				LastUpgradeCheck = 1170;
				ORGANIZATIONNAME = admin;
				TargetAttributes = {
					845549B02519E9590073643E = {
						CreatedOnToolsVersion = 11.7;
					};
				};
			};
			buildConfigurationList = 845549AC2519E9590073643E /* Build configuration list for PBXProject "PhotoFliterDemo" */;
			compatibilityVersion = "Xcode 9.3";
			developmentRegion = en;
			hasScannedForEncodings = 0;
			knownRegions = (
				en,
				Base,
			);
			mainGroup = 845549A82519E9590073643E;
			productRefGroup = 845549B22519E9590073643E /* Products */;
			projectDirPath = "";
			projectRoot = "";
			targets = (
				845549B02519E9590073643E /* PhotoFliterDemo */,
			);
		};
/* End PBXProject section */

/* Begin PBXResourcesBuildPhase section */
		845549AF2519E9590073643E /* Resources */ = {
			isa = PBXResourcesBuildPhase;
			buildActionMask = 2147483647;
			files = (
				845549C12519E95F0073643E /* LaunchScreen.storyboard in Resources */,
				845549BE2519E95F0073643E /* Assets.xcassets in Resources */,
				845549BC2519E9590073643E /* Main.storyboard in Resources */,
				845549CB251AEE240073643E /* testImage.jpg in Resources */,
			);
			runOnlyForDeploymentPostprocessing = 0;
		};
/* End PBXResourcesBuildPhase section */

/* Begin PBXSourcesBuildPhase section */
		845549AD2519E9590073643E /* Sources */ = {
			isa = PBXSourcesBuildPhase;
			buildActionMask = 2147483647;
			files = (
				845549D3251B45F30073643E /* ImagePickerViewController.swift in Sources */,
				845549D1251B2EB90073643E /* SceneDelegate.swift in Sources */,
				845549B92519E9590073643E /* MainViewController.swift in Sources */,
				845549B52519E9590073643E /* AppDelegate.swift in Sources */,
				845549CF251B24BB0073643E /* BaseTableViewController.swift in Sources */,
				845549CD251B237D0073643E /* FlitersViewController.swift in Sources */,
			);
			runOnlyForDeploymentPostprocessing = 0;
		};
/* End PBXSourcesBuildPhase section */

/* Begin PBXVariantGroup section */
		845549BA2519E9590073643E /* Main.storyboard */ = {
			isa = PBXVariantGroup;
			children = (
				845549BB2519E9590073643E /* Base */,
			);
			name = Main.storyboard;
			sourceTree = "<group>";
		};
		845549BF2519E95F0073643E /* LaunchScreen.storyboard */ = {
			isa = PBXVariantGroup;
			children = (
				845549C02519E95F0073643E /* Base */,
			);
			name = LaunchScreen.storyboard;
			sourceTree = "<group>";
		};
/* End PBXVariantGroup section */

/* Begin XCBuildConfiguration section */
		845549C32519E95F0073643E /* Debug */ = {
			isa = XCBuildConfiguration;
			buildSettings = {
				ALWAYS_SEARCH_USER_PATHS = NO;
				CLANG_ANALYZER_NONNULL = YES;
				CLANG_ANALYZER_NUMBER_OBJECT_CONVERSION = YES_AGGRESSIVE;
				CLANG_CXX_LANGUAGE_STANDARD = "gnu++14";
				CLANG_CXX_LIBRARY = "libc++";
				CLANG_ENABLE_MODULES = YES;
				CLANG_ENABLE_OBJC_ARC = YES;
				CLANG_ENABLE_OBJC_WEAK = YES;
				CLANG_WARN_BLOCK_CAPTURE_AUTORELEASING = YES;
				CLANG_WARN_BOOL_CONVERSION = YES;
				CLANG_WARN_COMMA = YES;
				CLANG_WARN_CONSTANT_CONVERSION = YES;
				CLANG_WARN_DEPRECATED_OBJC_IMPLEMENTATIONS = YES;
				CLANG_WARN_DIRECT_OBJC_ISA_USAGE = YES_ERROR;
				CLANG_WARN_DOCUMENTATION_COMMENTS = YES;
				CLANG_WARN_EMPTY_BODY = YES;
				CLANG_WARN_ENUM_CONVERSION = YES;
				CLANG_WARN_INFINITE_RECURSION = YES;
				CLANG_WARN_INT_CONVERSION = YES;
				CLANG_WARN_NON_LITERAL_NULL_CONVERSION = YES;
				CLANG_WARN_OBJC_IMPLICIT_RETAIN_SELF = YES;
				CLANG_WARN_OBJC_LITERAL_CONVERSION = YES;
				CLANG_WARN_OBJC_ROOT_CLASS = YES_ERROR;
				CLANG_WARN_RANGE_LOOP_ANALYSIS = YES;
				CLANG_WARN_STRICT_PROTOTYPES = YES;
				CLANG_WARN_SUSPICIOUS_MOVE = YES;
				CLANG_WARN_UNGUARDED_AVAILABILITY = YES_AGGRESSIVE;
				CLANG_WARN_UNREACHABLE_CODE = YES;
				CLANG_WARN__DUPLICATE_METHOD_MATCH = YES;
				COPY_PHASE_STRIP = NO;
				DEBUG_INFORMATION_FORMAT = dwarf;
				ENABLE_STRICT_OBJC_MSGSEND = YES;
				ENABLE_TESTABILITY = YES;
				GCC_C_LANGUAGE_STANDARD = gnu11;
				GCC_DYNAMIC_NO_PIC = NO;
				GCC_NO_COMMON_BLOCKS = YES;
				GCC_OPTIMIZATION_LEVEL = 0;
				GCC_PREPROCESSOR_DEFINITIONS = (
					"DEBUG=1",
					"$(inherited)",
				);
				GCC_WARN_64_TO_32_BIT_CONVERSION = YES;
				GCC_WARN_ABOUT_RETURN_TYPE = YES_ERROR;
				GCC_WARN_UNDECLARED_SELECTOR = YES;
				GCC_WARN_UNINITIALIZED_AUTOS = YES_AGGRESSIVE;
				GCC_WARN_UNUSED_FUNCTION = YES;
				GCC_WARN_UNUSED_VARIABLE = YES;
				IPHONEOS_DEPLOYMENT_TARGET = 13.0;
				MTL_ENABLE_DEBUG_INFO = INCLUDE_SOURCE;
				MTL_FAST_MATH = YES;
				ONLY_ACTIVE_ARCH = YES;
				SDKROOT = iphoneos;
				SWIFT_ACTIVE_COMPILATION_CONDITIONS = DEBUG;
				SWIFT_OPTIMIZATION_LEVEL = "-Onone";
			};
			name = Debug;
		};
		845549C42519E95F0073643E /* Release */ = {
			isa = XCBuildConfiguration;
			buildSettings = {
				ALWAYS_SEARCH_USER_PATHS = NO;
				CLANG_ANALYZER_NONNULL = YES;
				CLANG_ANALYZER_NUMBER_OBJECT_CONVERSION = YES_AGGRESSIVE;
				CLANG_CXX_LANGUAGE_STANDARD = "gnu++14";
				CLANG_CXX_LIBRARY = "libc++";
				CLANG_ENABLE_MODULES = YES;
				CLANG_ENABLE_OBJC_ARC = YES;
				CLANG_ENABLE_OBJC_WEAK = YES;
				CLANG_WARN_BLOCK_CAPTURE_AUTORELEASING = YES;
				CLANG_WARN_BOOL_CONVERSION = YES;
				CLANG_WARN_COMMA = YES;
				CLANG_WARN_CONSTANT_CONVERSION = YES;
				CLANG_WARN_DEPRECATED_OBJC_IMPLEMENTATIONS = YES;
				CLANG_WARN_DIRECT_OBJC_ISA_USAGE = YES_ERROR;
				CLANG_WARN_DOCUMENTATION_COMMENTS = YES;
				CLANG_WARN_EMPTY_BODY = YES;
				CLANG_WARN_ENUM_CONVERSION = YES;
				CLANG_WARN_INFINITE_RECURSION = YES;
				CLANG_WARN_INT_CONVERSION = YES;
				CLANG_WARN_NON_LITERAL_NULL_CONVERSION = YES;
				CLANG_WARN_OBJC_IMPLICIT_RETAIN_SELF = YES;
				CLANG_WARN_OBJC_LITERAL_CONVERSION = YES;
				CLANG_WARN_OBJC_ROOT_CLASS = YES_ERROR;
				CLANG_WARN_RANGE_LOOP_ANALYSIS = YES;
				CLANG_WARN_STRICT_PROTOTYPES = YES;
				CLANG_WARN_SUSPICIOUS_MOVE = YES;
				CLANG_WARN_UNGUARDED_AVAILABILITY = YES_AGGRESSIVE;
				CLANG_WARN_UNREACHABLE_CODE = YES;
				CLANG_WARN__DUPLICATE_METHOD_MATCH = YES;
				COPY_PHASE_STRIP = NO;
				DEBUG_INFORMATION_FORMAT = "dwarf-with-dsym";
				ENABLE_NS_ASSERTIONS = NO;
				ENABLE_STRICT_OBJC_MSGSEND = YES;
				GCC_C_LANGUAGE_STANDARD = gnu11;
				GCC_NO_COMMON_BLOCKS = YES;
				GCC_WARN_64_TO_32_BIT_CONVERSION = YES;
				GCC_WARN_ABOUT_RETURN_TYPE = YES_ERROR;
				GCC_WARN_UNDECLARED_SELECTOR = YES;
				GCC_WARN_UNINITIALIZED_AUTOS = YES_AGGRESSIVE;
				GCC_WARN_UNUSED_FUNCTION = YES;
				GCC_WARN_UNUSED_VARIABLE = YES;
				IPHONEOS_DEPLOYMENT_TARGET = 13.0;
				MTL_ENABLE_DEBUG_INFO = NO;
				MTL_FAST_MATH = YES;
				SDKROOT = iphoneos;
				SWIFT_COMPILATION_MODE = wholemodule;
				SWIFT_OPTIMIZATION_LEVEL = "-O";
				VALIDATE_PRODUCT = YES;
			};
			name = Release;
		};
		845549C62519E95F0073643E /* Debug */ = {
			isa = XCBuildConfiguration;
			buildSettings = {
				ASSETCATALOG_COMPILER_APPICON_NAME = AppIcon;
				CODE_SIGN_STYLE = Automatic;
				DEVELOPMENT_TEAM = A9AWW29YYL;
				INFOPLIST_FILE = PhotoFliterDemo/Info.plist;
				IPHONEOS_DEPLOYMENT_TARGET = 13.0;
				LD_RUNPATH_SEARCH_PATHS = (
					"$(inherited)",
					"@executable_path/Frameworks",
				);
				PRODUCT_BUNDLE_IDENTIFIER = test.PhotoFliterDemo;
				PRODUCT_NAME = "$(TARGET_NAME)";
				SWIFT_VERSION = 5.0;
				TARGETED_DEVICE_FAMILY = "1,2";
			};
			name = Debug;
		};
		845549C72519E95F0073643E /* Release */ = {
			isa = XCBuildConfiguration;
			buildSettings = {
				ASSETCATALOG_COMPILER_APPICON_NAME = AppIcon;
				CODE_SIGN_STYLE = Automatic;
				DEVELOPMENT_TEAM = A9AWW29YYL;
				INFOPLIST_FILE = PhotoFliterDemo/Info.plist;
				IPHONEOS_DEPLOYMENT_TARGET = 13.0;
				LD_RUNPATH_SEARCH_PATHS = (
					"$(inherited)",
					"@executable_path/Frameworks",
				);
				PRODUCT_BUNDLE_IDENTIFIER = test.PhotoFliterDemo;
				PRODUCT_NAME = "$(TARGET_NAME)";
				SWIFT_VERSION = 5.0;
				TARGETED_DEVICE_FAMILY = "1,2";
			};
			name = Release;
		};
/* End XCBuildConfiguration section */

/* Begin XCConfigurationList section */
		845549AC2519E9590073643E /* Build configuration list for PBXProject "PhotoFliterDemo" */ = {
			isa = XCConfigurationList;
			buildConfigurations = (
				845549C32519E95F0073643E /* Debug */,
				845549C42519E95F0073643E /* Release */,
			);
			defaultConfigurationIsVisible = 0;
			defaultConfigurationName = Release;
		};
		845549C52519E95F0073643E /* Build configuration list for PBXNativeTarget "PhotoFliterDemo" */ = {
			isa = XCConfigurationList;
			buildConfigurations = (
				845549C62519E95F0073643E /* Debug */,
				845549C72519E95F0073643E /* Release */,
			);
			defaultConfigurationIsVisible = 0;
			defaultConfigurationName = Release;
		};
/* End XCConfigurationList section */
	};
	rootObject = 845549A92519E9590073643E /* Project object */;
}
